<?xml version="1.0" encoding="UTF-8"?>
<!DOCTYPE plist PUBLIC "-//Apple//DTD PLIST 1.0//EN" "http://www.apple.com/DTDs/PropertyList-1.0.dtd">
<plist version="1.0">
<dict>
	<key>archiveVersion</key>
	<string>1</string>
	<key>classes</key>
	<dict/>
	<key>objectVersion</key>
	<string>46</string>
	<key>objects</key>
	<dict>
		<key>0A30C0C91CD2ACCB00A933BD</key>
		<dict>
			<key>children</key>
			<array>
				<string>0A30C0D41CD2ACCB00A933BD</string>
				<string>0A30C0D31CD2ACCB00A933BD</string>
				<string>3FC9BB0360B795C6D6CBB054</string>
				<string>956D16B72B039B32A8D28F29</string>
			</array>
			<key>isa</key>
			<string>PBXGroup</string>
			<key>sourceTree</key>
			<string>&lt;group&gt;</string>
		</dict>
		<key>0A30C0CA1CD2ACCB00A933BD</key>
		<dict>
			<key>attributes</key>
			<dict>
				<key>LastUpgradeCheck</key>
				<string>0730</string>
				<key>ORGANIZATIONNAME</key>
				<string>Adrian Brown </string>
				<key>TargetAttributes</key>
				<dict>
					<key>0A30C0D11CD2ACCB00A933BD</key>
					<dict>
						<key>CreatedOnToolsVersion</key>
						<string>7.3</string>
					</dict>
				</dict>
			</dict>
			<key>buildConfigurationList</key>
			<string>0A30C0CD1CD2ACCB00A933BD</string>
			<key>compatibilityVersion</key>
			<string>Xcode 3.2</string>
			<key>developmentRegion</key>
			<string>English</string>
			<key>hasScannedForEncodings</key>
			<string>0</string>
			<key>isa</key>
			<string>PBXProject</string>
			<key>knownRegions</key>
			<array>
				<string>en</string>
				<string>Base</string>
			</array>
			<key>mainGroup</key>
			<string>0A30C0C91CD2ACCB00A933BD</string>
			<key>productRefGroup</key>
			<string>0A30C0D31CD2ACCB00A933BD</string>
			<key>projectDirPath</key>
			<string></string>
			<key>projectReferences</key>
			<array/>
			<key>projectRoot</key>
			<string></string>
			<key>targets</key>
			<array>
				<string>0A30C0D11CD2ACCB00A933BD</string>
			</array>
		</dict>
		<key>0A30C0CD1CD2ACCB00A933BD</key>
		<dict>
			<key>buildConfigurations</key>
			<array>
				<string>0A30C0E71CD2ACCB00A933BD</string>
				<string>0A30C0E81CD2ACCB00A933BD</string>
			</array>
			<key>defaultConfigurationIsVisible</key>
			<string>0</string>
			<key>defaultConfigurationName</key>
			<string>Release</string>
			<key>isa</key>
			<string>XCConfigurationList</string>
		</dict>
		<key>0A30C0CE1CD2ACCB00A933BD</key>
		<dict>
			<key>buildActionMask</key>
			<string>2147483647</string>
			<key>files</key>
			<array>
				<string>0A8C381C1CD2B55D00A42B6B</string>
				<string>0A8C382E1CD7E65600A42B6B</string>
				<string>0A8C382B1CD562C400A42B6B</string>
				<string>0A8C38331CD7F3CD00A42B6B</string>
				<string>0A8C38251CD2BD5C00A42B6B</string>
				<string>0A30C0DA1CD2ACCB00A933BD</string>
				<string>0A8C381F1CD2B5E700A42B6B</string>
				<string>0A8C38361CD7FEDE00A42B6B</string>
				<string>0A8C38281CD5626600A42B6B</string>
				<string>0A8C38221CD2B61E00A42B6B</string>
				<string>0A30C0D71CD2ACCB00A933BD</string>
			</array>
			<key>isa</key>
			<string>PBXSourcesBuildPhase</string>
			<key>runOnlyForDeploymentPostprocessing</key>
			<string>0</string>
		</dict>
		<key>0A30C0CF1CD2ACCB00A933BD</key>
		<dict>
			<key>buildActionMask</key>
			<string>2147483647</string>
			<key>files</key>
			<array>
				<string>2580CEE010DD36670DD2D8AB</string>
			</array>
			<key>isa</key>
			<string>PBXFrameworksBuildPhase</string>
			<key>runOnlyForDeploymentPostprocessing</key>
			<string>0</string>
		</dict>
		<key>0A30C0D01CD2ACCB00A933BD</key>
		<dict>
			<key>buildActionMask</key>
			<string>2147483647</string>
			<key>files</key>
			<array>
				<string>0A30C0E51CD2ACCB00A933BD</string>
				<string>0A8C38301CD7E75A00A42B6B</string>
				<string>0A30C0E21CD2ACCB00A933BD</string>
				<string>0A30C0E01CD2ACCB00A933BD</string>
			</array>
			<key>isa</key>
			<string>PBXResourcesBuildPhase</string>
			<key>runOnlyForDeploymentPostprocessing</key>
			<string>0</string>
		</dict>
		<key>0A30C0D11CD2ACCB00A933BD</key>
		<dict>
			<key>buildConfigurationList</key>
			<string>0A30C0E91CD2ACCB00A933BD</string>
			<key>buildPhases</key>
			<array>
				<string>F46476FD904C72908C5B2D70</string>
				<string>0A30C0CE1CD2ACCB00A933BD</string>
				<string>0A30C0CF1CD2ACCB00A933BD</string>
				<string>0A30C0D01CD2ACCB00A933BD</string>
				<string>ACC4EFAF6445EA238A1CD127</string>
				<string>CD6420F89D4E3EA9AA84A2D0</string>
			</array>
			<key>buildRules</key>
			<array/>
			<key>dependencies</key>
			<array/>
			<key>isa</key>
			<string>PBXNativeTarget</string>
			<key>name</key>
			<string>PWEP-Work-file</string>
			<key>productName</key>
			<string>PWEP-Work-file</string>
			<key>productReference</key>
			<string>0A30C0D21CD2ACCB00A933BD</string>
			<key>productType</key>
			<string>com.apple.product-type.application</string>
		</dict>
		<key>0A30C0D21CD2ACCB00A933BD</key>
		<dict>
			<key>explicitFileType</key>
			<string>wrapper.application</string>
			<key>includeInIndex</key>
			<string>0</string>
			<key>isa</key>
			<string>PBXFileReference</string>
			<key>path</key>
			<string>PWEP-Work-file.app</string>
			<key>sourceTree</key>
			<string>BUILT_PRODUCTS_DIR</string>
		</dict>
		<key>0A30C0D31CD2ACCB00A933BD</key>
		<dict>
			<key>children</key>
			<array>
				<string>0A30C0D21CD2ACCB00A933BD</string>
			</array>
			<key>isa</key>
			<string>PBXGroup</string>
			<key>name</key>
			<string>Products</string>
			<key>sourceTree</key>
			<string>&lt;group&gt;</string>
		</dict>
		<key>0A30C0D41CD2ACCB00A933BD</key>
		<dict>
			<key>children</key>
			<array>
				<string>0A30C0D81CD2ACCB00A933BD</string>
				<string>0A30C0D91CD2ACCB00A933BD</string>
				<string>0A30C0DE1CD2ACCB00A933BD</string>
				<string>0A8C381A1CD2B55D00A42B6B</string>
				<string>0A8C381B1CD2B55D00A42B6B</string>
				<string>0A8C382C1CD7E65600A42B6B</string>
				<string>0A8C382D1CD7E65600A42B6B</string>
				<string>0A8C38311CD7F3CD00A42B6B</string>
				<string>0A8C38321CD7F3CD00A42B6B</string>
				<string>0A8C381D1CD2B5E700A42B6B</string>
				<string>0A8C381E1CD2B5E700A42B6B</string>
				<string>0A8C38201CD2B61E00A42B6B</string>
				<string>0A8C38211CD2B61E00A42B6B</string>
				<string>0A8C38231CD2BD5C00A42B6B</string>
				<string>0A8C38241CD2BD5C00A42B6B</string>
				<string>0A8C38261CD5626600A42B6B</string>
				<string>0A8C38271CD5626600A42B6B</string>
				<string>0A8C38291CD562C400A42B6B</string>
				<string>0A8C382A1CD562C400A42B6B</string>
				<string>0A8C38341CD7FEDE00A42B6B</string>
				<string>0A8C38351CD7FEDE00A42B6B</string>
				<string>0A30C0E11CD2ACCB00A933BD</string>
				<string>0A8C382F1CD7E75A00A42B6B</string>
				<string>0A30C0E31CD2ACCB00A933BD</string>
				<string>0A30C0E61CD2ACCB00A933BD</string>
				<string>0A30C0D51CD2ACCB00A933BD</string>
			</array>
			<key>isa</key>
			<string>PBXGroup</string>
			<key>path</key>
			<string>PWEP-Work-file</string>
			<key>sourceTree</key>
			<string>&lt;group&gt;</string>
		</dict>
		<key>0A30C0D51CD2ACCB00A933BD</key>
		<dict>
			<key>children</key>
			<array>
				<string>0A30C0D61CD2ACCB00A933BD</string>
			</array>
			<key>isa</key>
			<string>PBXGroup</string>
			<key>name</key>
			<string>Supporting Files</string>
			<key>sourceTree</key>
			<string>&lt;group&gt;</string>
		</dict>
		<key>0A30C0D61CD2ACCB00A933BD</key>
		<dict>
			<key>isa</key>
			<string>PBXFileReference</string>
			<key>lastKnownFileType</key>
			<string>sourcecode.c.objc</string>
			<key>path</key>
			<string>main.m</string>
			<key>sourceTree</key>
			<string>&lt;group&gt;</string>
		</dict>
		<key>0A30C0D71CD2ACCB00A933BD</key>
		<dict>
			<key>fileRef</key>
			<string>0A30C0D61CD2ACCB00A933BD</string>
			<key>isa</key>
			<string>PBXBuildFile</string>
		</dict>
		<key>0A30C0D81CD2ACCB00A933BD</key>
		<dict>
			<key>isa</key>
			<string>PBXFileReference</string>
			<key>lastKnownFileType</key>
			<string>sourcecode.c.h</string>
			<key>path</key>
			<string>AppDelegate.h</string>
			<key>sourceTree</key>
			<string>&lt;group&gt;</string>
		</dict>
		<key>0A30C0D91CD2ACCB00A933BD</key>
		<dict>
			<key>isa</key>
			<string>PBXFileReference</string>
			<key>lastKnownFileType</key>
			<string>sourcecode.c.objc</string>
			<key>path</key>
			<string>AppDelegate.m</string>
			<key>sourceTree</key>
			<string>&lt;group&gt;</string>
		</dict>
		<key>0A30C0DA1CD2ACCB00A933BD</key>
		<dict>
			<key>fileRef</key>
			<string>0A30C0D91CD2ACCB00A933BD</string>
			<key>isa</key>
			<string>PBXBuildFile</string>
		</dict>
		<key>0A30C0DE1CD2ACCB00A933BD</key>
		<dict>
			<key>children</key>
			<array>
				<string>0A30C0DF1CD2ACCB00A933BD</string>
			</array>
			<key>isa</key>
			<string>PBXVariantGroup</string>
			<key>name</key>
			<string>Main.storyboard</string>
			<key>sourceTree</key>
			<string>&lt;group&gt;</string>
		</dict>
		<key>0A30C0DF1CD2ACCB00A933BD</key>
		<dict>
			<key>isa</key>
			<string>PBXFileReference</string>
			<key>lastKnownFileType</key>
			<string>file.storyboard</string>
			<key>name</key>
			<string>Base</string>
			<key>path</key>
			<string>Base.lproj/Main.storyboard</string>
			<key>sourceTree</key>
			<string>&lt;group&gt;</string>
		</dict>
		<key>0A30C0E01CD2ACCB00A933BD</key>
		<dict>
			<key>fileRef</key>
			<string>0A30C0DE1CD2ACCB00A933BD</string>
			<key>isa</key>
			<string>PBXBuildFile</string>
		</dict>
		<key>0A30C0E11CD2ACCB00A933BD</key>
		<dict>
			<key>isa</key>
			<string>PBXFileReference</string>
			<key>lastKnownFileType</key>
			<string>folder.assetcatalog</string>
			<key>path</key>
			<string>Assets.xcassets</string>
			<key>sourceTree</key>
			<string>&lt;group&gt;</string>
		</dict>
		<key>0A30C0E21CD2ACCB00A933BD</key>
		<dict>
			<key>fileRef</key>
			<string>0A30C0E11CD2ACCB00A933BD</string>
			<key>isa</key>
			<string>PBXBuildFile</string>
		</dict>
		<key>0A30C0E31CD2ACCB00A933BD</key>
		<dict>
			<key>children</key>
			<array>
				<string>0A30C0E41CD2ACCB00A933BD</string>
			</array>
			<key>isa</key>
			<string>PBXVariantGroup</string>
			<key>name</key>
			<string>LaunchScreen.storyboard</string>
			<key>sourceTree</key>
			<string>&lt;group&gt;</string>
		</dict>
		<key>0A30C0E41CD2ACCB00A933BD</key>
		<dict>
			<key>isa</key>
			<string>PBXFileReference</string>
			<key>lastKnownFileType</key>
			<string>file.storyboard</string>
			<key>name</key>
			<string>Base</string>
			<key>path</key>
			<string>Base.lproj/LaunchScreen.storyboard</string>
			<key>sourceTree</key>
			<string>&lt;group&gt;</string>
		</dict>
		<key>0A30C0E51CD2ACCB00A933BD</key>
		<dict>
			<key>fileRef</key>
			<string>0A30C0E31CD2ACCB00A933BD</string>
			<key>isa</key>
			<string>PBXBuildFile</string>
		</dict>
		<key>0A30C0E61CD2ACCB00A933BD</key>
		<dict>
			<key>isa</key>
			<string>PBXFileReference</string>
			<key>lastKnownFileType</key>
			<string>text.plist.xml</string>
			<key>path</key>
			<string>Info.plist</string>
			<key>sourceTree</key>
			<string>&lt;group&gt;</string>
		</dict>
		<key>0A30C0E71CD2ACCB00A933BD</key>
		<dict>
			<key>buildSettings</key>
			<dict>
				<key>ALWAYS_SEARCH_USER_PATHS</key>
				<string>NO</string>
				<key>CLANG_ANALYZER_NONNULL</key>
				<string>YES</string>
				<key>CLANG_CXX_LANGUAGE_STANDARD</key>
				<string>gnu++0x</string>
				<key>CLANG_CXX_LIBRARY</key>
				<string>libc++</string>
				<key>CLANG_ENABLE_MODULES</key>
				<string>YES</string>
				<key>CLANG_ENABLE_OBJC_ARC</key>
				<string>YES</string>
				<key>CLANG_WARN_BOOL_CONVERSION</key>
				<string>YES</string>
				<key>CLANG_WARN_CONSTANT_CONVERSION</key>
				<string>YES</string>
				<key>CLANG_WARN_DIRECT_OBJC_ISA_USAGE</key>
				<string>YES_ERROR</string>
				<key>CLANG_WARN_EMPTY_BODY</key>
				<string>YES</string>
				<key>CLANG_WARN_ENUM_CONVERSION</key>
				<string>YES</string>
				<key>CLANG_WARN_INT_CONVERSION</key>
				<string>YES</string>
				<key>CLANG_WARN_OBJC_ROOT_CLASS</key>
				<string>YES_ERROR</string>
				<key>CLANG_WARN_UNREACHABLE_CODE</key>
				<string>YES</string>
				<key>CLANG_WARN__DUPLICATE_METHOD_MATCH</key>
				<string>YES</string>
				<key>CODE_SIGN_IDENTITY[sdk=iphoneos*]</key>
				<string>iPhone Developer</string>
				<key>COPY_PHASE_STRIP</key>
				<string>NO</string>
				<key>DEBUG_INFORMATION_FORMAT</key>
				<string>dwarf</string>
				<key>ENABLE_STRICT_OBJC_MSGSEND</key>
				<string>YES</string>
				<key>ENABLE_TESTABILITY</key>
				<string>YES</string>
				<key>GCC_C_LANGUAGE_STANDARD</key>
				<string>gnu99</string>
				<key>GCC_DYNAMIC_NO_PIC</key>
				<string>NO</string>
				<key>GCC_NO_COMMON_BLOCKS</key>
				<string>YES</string>
				<key>GCC_OPTIMIZATION_LEVEL</key>
				<string>0</string>
				<key>GCC_PREPROCESSOR_DEFINITIONS</key>
				<array>
					<string>DEBUG=1</string>
					<string>$(inherited)</string>
				</array>
				<key>GCC_WARN_64_TO_32_BIT_CONVERSION</key>
				<string>YES</string>
				<key>GCC_WARN_ABOUT_RETURN_TYPE</key>
				<string>YES_ERROR</string>
				<key>GCC_WARN_UNDECLARED_SELECTOR</key>
				<string>YES</string>
				<key>GCC_WARN_UNINITIALIZED_AUTOS</key>
				<string>YES_AGGRESSIVE</string>
				<key>GCC_WARN_UNUSED_FUNCTION</key>
				<string>YES</string>
				<key>GCC_WARN_UNUSED_VARIABLE</key>
				<string>YES</string>
				<key>IPHONEOS_DEPLOYMENT_TARGET</key>
				<string>9.3</string>
				<key>MTL_ENABLE_DEBUG_INFO</key>
				<string>YES</string>
				<key>ONLY_ACTIVE_ARCH</key>
				<string>YES</string>
				<key>SDKROOT</key>
				<string>iphoneos</string>
				<key>TARGETED_DEVICE_FAMILY</key>
				<string>1,2</string>
			</dict>
			<key>isa</key>
			<string>XCBuildConfiguration</string>
			<key>name</key>
			<string>Debug</string>
		</dict>
		<key>0A30C0E81CD2ACCB00A933BD</key>
		<dict>
			<key>buildSettings</key>
			<dict>
				<key>ALWAYS_SEARCH_USER_PATHS</key>
				<string>NO</string>
				<key>CLANG_ANALYZER_NONNULL</key>
				<string>YES</string>
				<key>CLANG_CXX_LANGUAGE_STANDARD</key>
				<string>gnu++0x</string>
				<key>CLANG_CXX_LIBRARY</key>
				<string>libc++</string>
				<key>CLANG_ENABLE_MODULES</key>
				<string>YES</string>
				<key>CLANG_ENABLE_OBJC_ARC</key>
				<string>YES</string>
				<key>CLANG_WARN_BOOL_CONVERSION</key>
				<string>YES</string>
				<key>CLANG_WARN_CONSTANT_CONVERSION</key>
				<string>YES</string>
				<key>CLANG_WARN_DIRECT_OBJC_ISA_USAGE</key>
				<string>YES_ERROR</string>
				<key>CLANG_WARN_EMPTY_BODY</key>
				<string>YES</string>
				<key>CLANG_WARN_ENUM_CONVERSION</key>
				<string>YES</string>
				<key>CLANG_WARN_INT_CONVERSION</key>
				<string>YES</string>
				<key>CLANG_WARN_OBJC_ROOT_CLASS</key>
				<string>YES_ERROR</string>
				<key>CLANG_WARN_UNREACHABLE_CODE</key>
				<string>YES</string>
				<key>CLANG_WARN__DUPLICATE_METHOD_MATCH</key>
				<string>YES</string>
				<key>CODE_SIGN_IDENTITY[sdk=iphoneos*]</key>
				<string>iPhone Developer</string>
				<key>COPY_PHASE_STRIP</key>
				<string>NO</string>
				<key>DEBUG_INFORMATION_FORMAT</key>
				<string>dwarf-with-dsym</string>
				<key>ENABLE_NS_ASSERTIONS</key>
				<string>NO</string>
				<key>ENABLE_STRICT_OBJC_MSGSEND</key>
				<string>YES</string>
				<key>GCC_C_LANGUAGE_STANDARD</key>
				<string>gnu99</string>
				<key>GCC_NO_COMMON_BLOCKS</key>
				<string>YES</string>
				<key>GCC_WARN_64_TO_32_BIT_CONVERSION</key>
				<string>YES</string>
				<key>GCC_WARN_ABOUT_RETURN_TYPE</key>
				<string>YES_ERROR</string>
				<key>GCC_WARN_UNDECLARED_SELECTOR</key>
				<string>YES</string>
				<key>GCC_WARN_UNINITIALIZED_AUTOS</key>
				<string>YES_AGGRESSIVE</string>
				<key>GCC_WARN_UNUSED_FUNCTION</key>
				<string>YES</string>
				<key>GCC_WARN_UNUSED_VARIABLE</key>
				<string>YES</string>
				<key>IPHONEOS_DEPLOYMENT_TARGET</key>
				<string>9.3</string>
				<key>MTL_ENABLE_DEBUG_INFO</key>
				<string>NO</string>
				<key>SDKROOT</key>
				<string>iphoneos</string>
				<key>TARGETED_DEVICE_FAMILY</key>
				<string>1,2</string>
				<key>VALIDATE_PRODUCT</key>
				<string>YES</string>
			</dict>
			<key>isa</key>
			<string>XCBuildConfiguration</string>
			<key>name</key>
			<string>Release</string>
		</dict>
		<key>0A30C0E91CD2ACCB00A933BD</key>
		<dict>
			<key>buildConfigurations</key>
			<array>
				<string>0A30C0EA1CD2ACCB00A933BD</string>
				<string>0A30C0EB1CD2ACCB00A933BD</string>
			</array>
			<key>defaultConfigurationIsVisible</key>
			<string>0</string>
			<key>defaultConfigurationName</key>
			<string>Release</string>
			<key>isa</key>
			<string>XCConfigurationList</string>
		</dict>
		<key>0A30C0EA1CD2ACCB00A933BD</key>
		<dict>
			<key>baseConfigurationReference</key>
			<string>283B649BB43C9C361CE7973A</string>
			<key>buildSettings</key>
			<dict>
				<key>ASSETCATALOG_COMPILER_APPICON_NAME</key>
				<string>AppIcon</string>
				<key>INFOPLIST_FILE</key>
				<string>PWEP-Work-file/Info.plist</string>
				<key>LD_RUNPATH_SEARCH_PATHS</key>
				<string>$(inherited) @executable_path/Frameworks</string>
				<key>PRODUCT_BUNDLE_IDENTIFIER</key>
				<string>com.flatiron.PWEP-Work-file</string>
				<key>PRODUCT_NAME</key>
				<string>$(TARGET_NAME)</string>
			</dict>
			<key>isa</key>
			<string>XCBuildConfiguration</string>
			<key>name</key>
			<string>Debug</string>
		</dict>
		<key>0A30C0EB1CD2ACCB00A933BD</key>
		<dict>
			<key>baseConfigurationReference</key>
			<string>D8D520974A79EE8DBE3FF254</string>
			<key>buildSettings</key>
			<dict>
				<key>ASSETCATALOG_COMPILER_APPICON_NAME</key>
				<string>AppIcon</string>
				<key>INFOPLIST_FILE</key>
				<string>PWEP-Work-file/Info.plist</string>
				<key>LD_RUNPATH_SEARCH_PATHS</key>
				<string>$(inherited) @executable_path/Frameworks</string>
				<key>PRODUCT_BUNDLE_IDENTIFIER</key>
				<string>com.flatiron.PWEP-Work-file</string>
				<key>PRODUCT_NAME</key>
				<string>$(TARGET_NAME)</string>
			</dict>
			<key>isa</key>
			<string>XCBuildConfiguration</string>
			<key>name</key>
			<string>Release</string>
		</dict>
		<key>0A8C381A1CD2B55D00A42B6B</key>
		<dict>
			<key>fileEncoding</key>
			<string>4</string>
			<key>isa</key>
			<string>PBXFileReference</string>
			<key>lastKnownFileType</key>
			<string>sourcecode.c.h</string>
			<key>path</key>
			<string>MainPageViewController.h</string>
			<key>sourceTree</key>
			<string>&lt;group&gt;</string>
		</dict>
		<key>0A8C381B1CD2B55D00A42B6B</key>
		<dict>
			<key>fileEncoding</key>
			<string>4</string>
			<key>isa</key>
			<string>PBXFileReference</string>
			<key>lastKnownFileType</key>
			<string>sourcecode.c.objc</string>
			<key>path</key>
			<string>MainPageViewController.m</string>
			<key>sourceTree</key>
			<string>&lt;group&gt;</string>
		</dict>
		<key>0A8C381C1CD2B55D00A42B6B</key>
		<dict>
			<key>fileRef</key>
			<string>0A8C381B1CD2B55D00A42B6B</string>
			<key>isa</key>
			<string>PBXBuildFile</string>
		</dict>
		<key>0A8C381D1CD2B5E700A42B6B</key>
		<dict>
			<key>fileEncoding</key>
			<string>4</string>
			<key>isa</key>
			<string>PBXFileReference</string>
			<key>lastKnownFileType</key>
			<string>sourcecode.c.h</string>
			<key>path</key>
			<string>SelectedMovieViewController.h</string>
			<key>sourceTree</key>
			<string>&lt;group&gt;</string>
		</dict>
		<key>0A8C381E1CD2B5E700A42B6B</key>
		<dict>
			<key>fileEncoding</key>
			<string>4</string>
			<key>isa</key>
			<string>PBXFileReference</string>
			<key>lastKnownFileType</key>
			<string>sourcecode.c.objc</string>
			<key>path</key>
			<string>SelectedMovieViewController.m</string>
			<key>sourceTree</key>
			<string>&lt;group&gt;</string>
		</dict>
		<key>0A8C381F1CD2B5E700A42B6B</key>
		<dict>
			<key>fileRef</key>
			<string>0A8C381E1CD2B5E700A42B6B</string>
			<key>isa</key>
			<string>PBXBuildFile</string>
		</dict>
		<key>0A8C38201CD2B61E00A42B6B</key>
		<dict>
			<key>fileEncoding</key>
			<string>4</string>
			<key>isa</key>
			<string>PBXFileReference</string>
			<key>lastKnownFileType</key>
			<string>sourcecode.c.h</string>
			<key>path</key>
			<string>MovieDecsriptionViewController.h</string>
			<key>sourceTree</key>
			<string>&lt;group&gt;</string>
		</dict>
		<key>0A8C38211CD2B61E00A42B6B</key>
		<dict>
			<key>fileEncoding</key>
			<string>4</string>
			<key>isa</key>
			<string>PBXFileReference</string>
			<key>lastKnownFileType</key>
			<string>sourcecode.c.objc</string>
			<key>path</key>
			<string>MovieDecsriptionViewController.m</string>
			<key>sourceTree</key>
			<string>&lt;group&gt;</string>
		</dict>
		<key>0A8C38221CD2B61E00A42B6B</key>
		<dict>
			<key>fileRef</key>
			<string>0A8C38211CD2B61E00A42B6B</string>
			<key>isa</key>
			<string>PBXBuildFile</string>
		</dict>
		<key>0A8C38231CD2BD5C00A42B6B</key>
		<dict>
			<key>fileEncoding</key>
			<string>4</string>
			<key>isa</key>
			<string>PBXFileReference</string>
			<key>lastKnownFileType</key>
			<string>sourcecode.c.h</string>
			<key>path</key>
			<string>FavoritesViewController.h</string>
			<key>sourceTree</key>
			<string>&lt;group&gt;</string>
		</dict>
		<key>0A8C38241CD2BD5C00A42B6B</key>
		<dict>
			<key>fileEncoding</key>
			<string>4</string>
			<key>isa</key>
			<string>PBXFileReference</string>
			<key>lastKnownFileType</key>
			<string>sourcecode.c.objc</string>
			<key>path</key>
			<string>FavoritesViewController.m</string>
			<key>sourceTree</key>
			<string>&lt;group&gt;</string>
		</dict>
		<key>0A8C38251CD2BD5C00A42B6B</key>
		<dict>
			<key>fileRef</key>
			<string>0A8C38241CD2BD5C00A42B6B</string>
			<key>isa</key>
			<string>PBXBuildFile</string>
		</dict>
		<key>0A8C38261CD5626600A42B6B</key>
		<dict>
			<key>fileEncoding</key>
			<string>4</string>
			<key>isa</key>
			<string>PBXFileReference</string>
			<key>lastKnownFileType</key>
			<string>sourcecode.c.h</string>
			<key>path</key>
			<string>FavoritesDescriptionViewController.h</string>
			<key>sourceTree</key>
			<string>&lt;group&gt;</string>
		</dict>
		<key>0A8C38271CD5626600A42B6B</key>
		<dict>
			<key>fileEncoding</key>
			<string>4</string>
			<key>isa</key>
			<string>PBXFileReference</string>
			<key>lastKnownFileType</key>
			<string>sourcecode.c.objc</string>
			<key>path</key>
			<string>FavoritesDescriptionViewController.m</string>
			<key>sourceTree</key>
			<string>&lt;group&gt;</string>
		</dict>
		<key>0A8C38281CD5626600A42B6B</key>
		<dict>
			<key>fileRef</key>
			<string>0A8C38271CD5626600A42B6B</string>
			<key>isa</key>
			<string>PBXBuildFile</string>
		</dict>
		<key>0A8C38291CD562C400A42B6B</key>
		<dict>
			<key>fileEncoding</key>
			<string>4</string>
			<key>isa</key>
			<string>PBXFileReference</string>
			<key>lastKnownFileType</key>
			<string>sourcecode.c.h</string>
			<key>path</key>
			<string>FavoritesPlotViewController.h</string>
			<key>sourceTree</key>
			<string>&lt;group&gt;</string>
		</dict>
		<key>0A8C382A1CD562C400A42B6B</key>
		<dict>
			<key>fileEncoding</key>
			<string>4</string>
			<key>isa</key>
			<string>PBXFileReference</string>
			<key>lastKnownFileType</key>
			<string>sourcecode.c.objc</string>
			<key>path</key>
			<string>FavoritesPlotViewController.m</string>
			<key>sourceTree</key>
			<string>&lt;group&gt;</string>
		</dict>
		<key>0A8C382B1CD562C400A42B6B</key>
		<dict>
			<key>fileRef</key>
			<string>0A8C382A1CD562C400A42B6B</string>
			<key>isa</key>
			<string>PBXBuildFile</string>
		</dict>
		<key>0A8C382C1CD7E65600A42B6B</key>
		<dict>
			<key>fileEncoding</key>
			<string>4</string>
			<key>isa</key>
			<string>PBXFileReference</string>
			<key>lastKnownFileType</key>
			<string>sourcecode.c.h</string>
			<key>path</key>
			<string>MovieCollectionViewCell.h</string>
			<key>sourceTree</key>
			<string>&lt;group&gt;</string>
		</dict>
		<key>0A8C382D1CD7E65600A42B6B</key>
		<dict>
			<key>fileEncoding</key>
			<string>4</string>
			<key>isa</key>
			<string>PBXFileReference</string>
			<key>lastKnownFileType</key>
			<string>sourcecode.c.objc</string>
			<key>path</key>
			<string>MovieCollectionViewCell.m</string>
			<key>sourceTree</key>
			<string>&lt;group&gt;</string>
		</dict>
		<key>0A8C382E1CD7E65600A42B6B</key>
		<dict>
			<key>fileRef</key>
			<string>0A8C382D1CD7E65600A42B6B</string>
			<key>isa</key>
			<string>PBXBuildFile</string>
		</dict>
		<key>0A8C382F1CD7E75A00A42B6B</key>
		<dict>
			<key>isa</key>
			<string>PBXFileReference</string>
			<key>lastKnownFileType</key>
			<string>image.jpeg</string>
			<key>path</key>
			<string>jeremy.jpg</string>
			<key>sourceTree</key>
			<string>&lt;group&gt;</string>
		</dict>
		<key>0A8C38301CD7E75A00A42B6B</key>
		<dict>
			<key>fileRef</key>
			<string>0A8C382F1CD7E75A00A42B6B</string>
			<key>isa</key>
			<string>PBXBuildFile</string>
		</dict>
		<key>0A8C38311CD7F3CD00A42B6B</key>
		<dict>
			<key>fileEncoding</key>
			<string>4</string>
			<key>isa</key>
			<string>PBXFileReference</string>
			<key>lastKnownFileType</key>
			<string>sourcecode.c.h</string>
			<key>path</key>
			<string>ReloadDataFooterCollectionReusableView.h</string>
			<key>sourceTree</key>
			<string>&lt;group&gt;</string>
		</dict>
		<key>0A8C38321CD7F3CD00A42B6B</key>
		<dict>
			<key>fileEncoding</key>
			<string>4</string>
			<key>isa</key>
			<string>PBXFileReference</string>
			<key>lastKnownFileType</key>
			<string>sourcecode.c.objc</string>
			<key>path</key>
			<string>ReloadDataFooterCollectionReusableView.m</string>
			<key>sourceTree</key>
			<string>&lt;group&gt;</string>
		</dict>
		<key>0A8C38331CD7F3CD00A42B6B</key>
		<dict>
			<key>fileRef</key>
			<string>0A8C38321CD7F3CD00A42B6B</string>
			<key>isa</key>
			<string>PBXBuildFile</string>
		</dict>
		<key>0A8C38341CD7FEDE00A42B6B</key>
		<dict>
			<key>fileEncoding</key>
			<string>4</string>
			<key>isa</key>
			<string>PBXFileReference</string>
			<key>lastKnownFileType</key>
			<string>sourcecode.c.h</string>
			<key>path</key>
			<string>OmdbAPi.h</string>
			<key>sourceTree</key>
			<string>&lt;group&gt;</string>
		</dict>
		<key>0A8C38351CD7FEDE00A42B6B</key>
		<dict>
			<key>fileEncoding</key>
			<string>4</string>
			<key>isa</key>
			<string>PBXFileReference</string>
			<key>lastKnownFileType</key>
			<string>sourcecode.c.objc</string>
			<key>path</key>
			<string>OmdbAPi.m</string>
			<key>sourceTree</key>
			<string>&lt;group&gt;</string>
		</dict>
		<key>0A8C38361CD7FEDE00A42B6B</key>
		<dict>
			<key>fileRef</key>
			<string>0A8C38351CD7FEDE00A42B6B</string>
			<key>isa</key>
			<string>PBXBuildFile</string>
		</dict>
		<key>2580CEE010DD36670DD2D8AB</key>
		<dict>
			<key>fileRef</key>
			<string>DCFBCC95F4EB5E307A3D1FF8</string>
			<key>isa</key>
			<string>PBXBuildFile</string>
		</dict>
		<key>283B649BB43C9C361CE7973A</key>
		<dict>
			<key>includeInIndex</key>
			<string>1</string>
			<key>isa</key>
			<string>PBXFileReference</string>
			<key>lastKnownFileType</key>
			<string>text.xcconfig</string>
			<key>name</key>
			<string>Pods-PWEP-Work-file.debug.xcconfig</string>
			<key>path</key>
			<string>Pods/Target Support Files/Pods-PWEP-Work-file/Pods-PWEP-Work-file.debug.xcconfig</string>
			<key>sourceTree</key>
			<string>&lt;group&gt;</string>
		</dict>
		<key>3FC9BB0360B795C6D6CBB054</key>
		<dict>
			<key>children</key>
			<array>
				<string>283B649BB43C9C361CE7973A</string>
				<string>D8D520974A79EE8DBE3FF254</string>
			</array>
			<key>isa</key>
			<string>PBXGroup</string>
			<key>name</key>
			<string>Pods</string>
			<key>sourceTree</key>
			<string>&lt;group&gt;</string>
		</dict>
		<key>956D16B72B039B32A8D28F29</key>
		<dict>
			<key>children</key>
			<array>
				<string>DCFBCC95F4EB5E307A3D1FF8</string>
			</array>
			<key>isa</key>
			<string>PBXGroup</string>
			<key>name</key>
			<string>Frameworks</string>
			<key>sourceTree</key>
			<string>&lt;group&gt;</string>
		</dict>
		<key>ACC4EFAF6445EA238A1CD127</key>
		<dict>
			<key>buildActionMask</key>
			<string>2147483647</string>
			<key>files</key>
			<array/>
			<key>inputPaths</key>
			<array/>
			<key>isa</key>
			<string>PBXShellScriptBuildPhase</string>
			<key>name</key>
			<string>Embed Pods Frameworks</string>
			<key>outputPaths</key>
			<array/>
			<key>runOnlyForDeploymentPostprocessing</key>
			<string>0</string>
			<key>shellPath</key>
			<string>/bin/sh</string>
			<key>shellScript</key>
			<string>"${SRCROOT}/Pods/Target Support Files/Pods-PWEP-Work-file/Pods-PWEP-Work-file-frameworks.sh"
</string>
			<key>showEnvVarsInLog</key>
			<string>0</string>
		</dict>
		<key>CD6420F89D4E3EA9AA84A2D0</key>
		<dict>
			<key>buildActionMask</key>
			<string>2147483647</string>
			<key>files</key>
			<array/>
			<key>inputPaths</key>
			<array/>
			<key>isa</key>
			<string>PBXShellScriptBuildPhase</string>
			<key>name</key>
			<string>Copy Pods Resources</string>
			<key>outputPaths</key>
			<array/>
			<key>runOnlyForDeploymentPostprocessing</key>
			<string>0</string>
			<key>shellPath</key>
			<string>/bin/sh</string>
			<key>shellScript</key>
			<string>"${SRCROOT}/Pods/Target Support Files/Pods-PWEP-Work-file/Pods-PWEP-Work-file-resources.sh"
</string>
			<key>showEnvVarsInLog</key>
			<string>0</string>
		</dict>
		<key>D8D520974A79EE8DBE3FF254</key>
		<dict>
			<key>includeInIndex</key>
			<string>1</string>
			<key>isa</key>
			<string>PBXFileReference</string>
			<key>lastKnownFileType</key>
			<string>text.xcconfig</string>
			<key>name</key>
			<string>Pods-PWEP-Work-file.release.xcconfig</string>
			<key>path</key>
			<string>Pods/Target Support Files/Pods-PWEP-Work-file/Pods-PWEP-Work-file.release.xcconfig</string>
			<key>sourceTree</key>
			<string>&lt;group&gt;</string>
		</dict>
		<key>DCFBCC95F4EB5E307A3D1FF8</key>
		<dict>
			<key>explicitFileType</key>
			<string>archive.ar</string>
			<key>includeInIndex</key>
			<string>0</string>
			<key>isa</key>
			<string>PBXFileReference</string>
			<key>path</key>
			<string>libPods-PWEP-Work-file.a</string>
			<key>sourceTree</key>
			<string>BUILT_PRODUCTS_DIR</string>
		</dict>
		<key>F46476FD904C72908C5B2D70</key>
		<dict>
			<key>buildActionMask</key>
			<string>2147483647</string>
			<key>files</key>
			<array/>
			<key>inputPaths</key>
			<array/>
			<key>isa</key>
			<string>PBXShellScriptBuildPhase</string>
			<key>name</key>
			<string>Check Pods Manifest.lock</string>
			<key>outputPaths</key>
			<array/>
			<key>runOnlyForDeploymentPostprocessing</key>
			<string>0</string>
			<key>shellPath</key>
			<string>/bin/sh</string>
			<key>shellScript</key>
			<string>diff "${PODS_ROOT}/../Podfile.lock" "${PODS_ROOT}/Manifest.lock" &gt; /dev/null
if [[ $? != 0 ]] ; then
    cat &lt;&lt; EOM
error: The sandbox is not in sync with the Podfile.lock. Run 'pod install' or update your CocoaPods installation.
EOM
    exit 1
fi
</string>
			<key>showEnvVarsInLog</key>
			<string>0</string>
		</dict>
	</dict>
	<key>rootObject</key>
	<string>0A30C0CA1CD2ACCB00A933BD</string>
</dict>
</plist>
